
Microsoft Visual Studio Solution File, Format Version 12.00
# Visual Studio Version 16
VisualStudioVersion = 16.0.29418.71
MinimumVisualStudioVersion = 10.0.40219.1
Project("{FAE04EC0-301F-11D3-BF4B-00C04F79EFBC}") = "ConsoleApp2", "ConsoleApp2.csproj", "{46864081-887D-486E-9092-479D6232341C}"
EndProject
Global
	GlobalSection(SolutionConfigurationPlatforms) = preSolution
		Debug|Any CPU = Debug|Any CPU
		Release|Any CPU = Release|Any CPU
	EndGlobalSection
	GlobalSection(ProjectConfigurationPlatforms) = postSolution
		{46864081-887D-486E-9092-479D6232341C}.Debug|Any CPU.ActiveCfg = Debug|Any CPU
		{46864081-887D-486E-9092-479D6232341C}.Debug|Any CPU.Build.0 = Debug|Any CPU
		{46864081-887D-486E-9092-479D6232341C}.Release|Any CPU.ActiveCfg = Release|Any CPU
		{46864081-887D-486E-9092-479D6232341C}.Release|Any CPU.Build.0 = Release|Any CPU
	EndGlobalSection
	GlobalSection(SolutionProperties) = preSolution
		HideSolutionNode = FALSE
	EndGlobalSection
	GlobalSection(ExtensibilityGlobals) = postSolution
		SolutionGuid = {DC39B9F4-668E-4AD2-8894-E2ABE8BD09FB}
	EndGlobalSection
EndGlobal
